
Microsoft Visual Studio Solution File, Format Version 12.00
# Visual Studio Version 16
VisualStudioVersion = 16.0.31321.278
MinimumVisualStudioVersion = 10.0.40219.1
Project("{9A19103F-16F7-4668-BE54-9A1E7A4F7556}") = "BooksAPI", "BooksAPI.csproj", "{D3212210-C3A3-47A8-9F2F-8F5880E27BD8}"
EndProject
Project("{FAE04EC0-301F-11D3-BF4B-00C04F79EFBC}") = "Seeder", "..\Seeder\Seeder.csproj", "{42D7235E-44D5-4633-9987-494CF0F3F97E}"
EndProject
Global
	GlobalSection(SolutionConfigurationPlatforms) = preSolution
		Debug|Any CPU = Debug|Any CPU
		Release|Any CPU = Release|Any CPU
	EndGlobalSection
	GlobalSection(ProjectConfigurationPlatforms) = postSolution
		{D3212210-C3A3-47A8-9F2F-8F5880E27BD8}.Debug|Any CPU.ActiveCfg = Debug|Any CPU
		{D3212210-C3A3-47A8-9F2F-8F5880E27BD8}.Debug|Any CPU.Build.0 = Debug|Any CPU
		{D3212210-C3A3-47A8-9F2F-8F5880E27BD8}.Release|Any CPU.ActiveCfg = Release|Any CPU
		{D3212210-C3A3-47A8-9F2F-8F5880E27BD8}.Release|Any CPU.Build.0 = Release|Any CPU
		{42D7235E-44D5-4633-9987-494CF0F3F97E}.Debug|Any CPU.ActiveCfg = Debug|Any CPU
		{42D7235E-44D5-4633-9987-494CF0F3F97E}.Debug|Any CPU.Build.0 = Debug|Any CPU
		{42D7235E-44D5-4633-9987-494CF0F3F97E}.Release|Any CPU.ActiveCfg = Release|Any CPU
		{42D7235E-44D5-4633-9987-494CF0F3F97E}.Release|Any CPU.Build.0 = Release|Any CPU
	EndGlobalSection
	GlobalSection(SolutionProperties) = preSolution
		HideSolutionNode = FALSE
	EndGlobalSection
	GlobalSection(ExtensibilityGlobals) = postSolution
		SolutionGuid = {929FE5EA-BB25-45F0-BD9B-BBA6C156B1AD}
	EndGlobalSection
EndGlobal
